<?xml version="1.0" encoding="utf-8"?>
<Project ToolsVersion="4.0" xmlns="http://schemas.microsoft.com/developer/msbuild/2003">
  <ItemGroup>
    <ClCompile Include="ToneMapping.cpp" />
    <ClCompile Include="SampleFramework11\App.cpp">
      <Filter>SampleFramework11</Filter>
    </ClCompile>
    <ClCompile Include="SampleFramework11\Input.cpp">
      <Filter>SampleFramework11</Filter>
    </ClCompile>
    <ClCompile Include="SampleFramework11\PCH.cpp">
      <Filter>SampleFramework11</Filter>
    </ClCompile>
    <ClCompile Include="SampleFramework11\Timer.cpp">
      <Filter>SampleFramework11</Filter>
    </ClCompile>
    <ClCompile Include="SampleFramework11\Utility.cpp">
      <Filter>SampleFramework11</Filter>
    </ClCompile>
    <ClCompile Include="SampleFramework11\Window.cpp">
      <Filter>SampleFramework11</Filter>
    </ClCompile>
    <ClCompile Include="SampleFramework11\Camera.cpp">
      <Filter>SampleFramework11\Graphics</Filter>
    </ClCompile>
    <ClCompile Include="SampleFramework11\DeviceManager.cpp">
      <Filter>SampleFramework11\Graphics</Filter>
    </ClCompile>
    <ClCompile Include="SampleFramework11\DeviceStates.cpp">
      <Filter>SampleFramework11\Graphics</Filter>
    </ClCompile>
    <ClCompile Include="SampleFramework11\GraphicsTypes.cpp">
      <Filter>SampleFramework11\Graphics</Filter>
    </ClCompile>
    <ClCompile Include="SampleFramework11\Mesh.cpp">
      <Filter>SampleFramework11\Graphics</Filter>
    </ClCompile>
    <ClCompile Include="SampleFramework11\ShaderCompilation.cpp">
      <Filter>SampleFramework11\Graphics</Filter>
    </ClCompile>
    <ClCompile Include="SampleFramework11\Skybox.cpp">
      <Filter>SampleFramework11\Graphics</Filter>
    </ClCompile>
    <ClCompile Include="SampleFramework11\PostProcessor.cpp">
      <Filter>SampleFramework11\Graphics</Filter>
    </ClCompile>
    <ClCompile Include="LeblancEngine\Render\Resource\TextureOrgainizer\LeblancGBuffer.cpp">
      <Filter>LeblancEngine\Render\Resource\TextureOrganizer</Filter>
    </ClCompile>
    <ClCompile Include="LeblancEngine\Render\Resource\Texture\LeblancTexture.cpp">
      <Filter>LeblancEngine\Render\Resource\Texture</Filter>
    </ClCompile>
    <ClCompile Include="LeblancEngine\Render\Resource\Texture\Texture2D.cpp">
      <Filter>LeblancEngine\Render\Resource\Texture</Filter>
    </ClCompile>
    <ClCompile Include="LeblancEngine\Render\Pipeline\LeblancDeferredPipeline.cpp">
      <Filter>LeblancEngine\Render\Pipeline</Filter>
    </ClCompile>
    <ClCompile Include="LeblancEngine\Render\Pipeline\LeblancPipelineManager.cpp">
      <Filter>LeblancEngine\Render\Pipeline</Filter>
    </ClCompile>
    <ClCompile Include="LeblancEngine\Render\Resource\LeblancResourceManager.cpp">
      <Filter>LeblancEngine\Render\Resource</Filter>
    </ClCompile>
    <ClCompile Include="LeblancEngine\Render\Resource\Texture\DepthStencilTexture.cpp">
      <Filter>LeblancEngine\Render\Resource\Texture</Filter>
    </ClCompile>
    <ClCompile Include="LeblancEngine\Render\Utility\LeblancDeviceD3D11.cpp">
      <Filter>LeblancEngine\Render\utility</Filter>
    </ClCompile>
    <ClCompile Include="LeblancEngine\Global\LeblancGlobalContext.cpp">
      <Filter>LeblancEngine\Global</Filter>
    </ClCompile>
    <ClCompile Include="LeblancEngine\Render\Utility\LeblancDeviceManager.cpp">
      <Filter>LeblancEngine\Render\utility</Filter>
    </ClCompile>
    <ClCompile Include="LeblancEngine\Render\Basics\LeblancWindow.cpp">
      <Filter>LeblancEngine\Render\Basics</Filter>
    </ClCompile>
    <ClCompile Include="LeblancEngine\BasicInclude\LeblancPCH.cpp">
      <Filter>LeblancEngine\BasicInclude</Filter>
    </ClCompile>
    <ClCompile Include="LeblancEngine\Engine\LeblancEngine.cpp">
      <Filter>LeblancEngine\Engine</Filter>
    </ClCompile>
    <ClCompile Include="LeblancEngine\Main\LeblancMain.cpp">
      <Filter>LeblancEngine\Main</Filter>
    </ClCompile>
    <ClCompile Include="LeblancEngine\Render\Resource\LeblancRenderStateManager.cpp">
      <Filter>LeblancEngine\Render\Resource</Filter>
    </ClCompile>
  </ItemGroup>
  <ItemGroup>
    <ClInclude Include="resource.h" />
    <ClInclude Include="ToneMapping.h" />
    <ClInclude Include="SampleFramework11\App.h">
      <Filter>SampleFramework11</Filter>
    </ClInclude>
    <ClInclude Include="SampleFramework11\Exceptions.h">
      <Filter>SampleFramework11</Filter>
    </ClInclude>
    <ClInclude Include="SampleFramework11\PCH.h">
      <Filter>SampleFramework11</Filter>
    </ClInclude>
    <ClInclude Include="SampleFramework11\Input.h">
      <Filter>SampleFramework11</Filter>
    </ClInclude>
    <ClInclude Include="SampleFramework11\InterfacePointers.h">
      <Filter>SampleFramework11</Filter>
    </ClInclude>
    <ClInclude Include="SampleFramework11\Timer.h">
      <Filter>SampleFramework11</Filter>
    </ClInclude>
    <ClInclude Include="SampleFramework11\Utility.h">
      <Filter>SampleFramework11</Filter>
    </ClInclude>
    <ClInclude Include="SampleFramework11\Window.h">
      <Filter>SampleFramework11</Filter>
    </ClInclude>
    <ClInclude Include="SampleFramework11\Camera.h">
      <Filter>SampleFramework11\Graphics</Filter>
    </ClInclude>
    <ClInclude Include="SampleFramework11\DeviceStates.h">
      <Filter>SampleFramework11\Graphics</Filter>
    </ClInclude>
    <ClInclude Include="SampleFramework11\DeviceManager.h">
      <Filter>SampleFramework11\Graphics</Filter>
    </ClInclude>
    <ClInclude Include="SampleFramework11\GraphicsTypes.h">
      <Filter>SampleFramework11\Graphics</Filter>
    </ClInclude>
    <ClInclude Include="SampleFramework11\Mesh.h">
      <Filter>SampleFramework11\Graphics</Filter>
    </ClInclude>
    <ClInclude Include="SampleFramework11\ShaderCompilation.h">
      <Filter>SampleFramework11\Graphics</Filter>
    </ClInclude>
    <ClInclude Include="SampleFramework11\Skybox.h">
      <Filter>SampleFramework11\Graphics</Filter>
    </ClInclude>
    <ClInclude Include="SampleFramework11\PostProcessor.h">
      <Filter>SampleFramework11\Graphics</Filter>
    </ClInclude>
    <ClInclude Include="LeblancEngine\Render\Resource\TextureOrgainizer\LeblancGBuffer.h">
      <Filter>LeblancEngine\Render\Resource\TextureOrganizer</Filter>
    </ClInclude>
    <ClInclude Include="LeblancEngine\Render\Resource\Texture\LeblancTexture.h">
      <Filter>LeblancEngine\Render\Resource\Texture</Filter>
    </ClInclude>
    <ClInclude Include="LeblancEngine\Render\Resource\Texture\Texture2D.h">
      <Filter>LeblancEngine\Render\Resource\Texture</Filter>
    </ClInclude>
    <ClInclude Include="LeblancEngine\Render\Pipeline\LeblancDeferredPipeline.h">
      <Filter>LeblancEngine\Render\Pipeline</Filter>
    </ClInclude>
    <ClInclude Include="LeblancEngine\Render\Pipeline\LeblancPipelineManager.h">
      <Filter>LeblancEngine\Render\Pipeline</Filter>
    </ClInclude>
    <ClInclude Include="LeblancEngine\Render\Resource\LeblancResourceManager.h">
      <Filter>LeblancEngine\Render\Resource</Filter>
    </ClInclude>
    <ClInclude Include="LeblancEngine\Render\Resource\Texture\DepthStencilTexture.h">
      <Filter>LeblancEngine\Render\Resource\Texture</Filter>
    </ClInclude>
    <ClInclude Include="LeblancEngine\Render\Include\LeblancDirectInclude.h">
      <Filter>LeblancEngine\Render\Include</Filter>
    </ClInclude>
    <ClInclude Include="LeblancEngine\Render\Utility\LeblancDeviceD3D11.h">
      <Filter>LeblancEngine\Render\utility</Filter>
    </ClInclude>
    <ClInclude Include="LeblancEngine\Global\LeblancGlobalContext.h">
      <Filter>LeblancEngine\Global</Filter>
    </ClInclude>
    <ClInclude Include="LeblancEngine\Render\Utility\LeblancDeviceManager.h">
      <Filter>LeblancEngine\Render\utility</Filter>
    </ClInclude>
    <ClInclude Include="LeblancEngine\Render\Basics\LeblancWindow.h">
      <Filter>LeblancEngine\Render\Basics</Filter>
    </ClInclude>
    <ClInclude Include="LeblancEngine\BasicInclude\LeblancExceptions.h">
      <Filter>LeblancEngine\BasicInclude</Filter>
    </ClInclude>
    <ClInclude Include="LeblancEngine\BasicInclude\LeblancPCH.h">
      <Filter>LeblancEngine\BasicInclude</Filter>
    </ClInclude>
    <ClInclude Include="LeblancEngine\Engine\LeblancEngine.h">
      <Filter>LeblancEngine\Engine</Filter>
    </ClInclude>
    <ClInclude Include="LeblancEngine\Render\Resource\LeblancRenderStateManager.h">
      <Filter>LeblancEngine\Render\Resource</Filter>
    </ClInclude>
  </ItemGroup>
  <ItemGroup>
    <ResourceCompile Include="ToneMapping.rc" />
  </ItemGroup>
  <ItemGroup>
    <None Include="Icon.ico" />
    <None Include="SampleFramework11\Shaders\Sprite.hlsl">
      <Filter>SampleFramework11\Shaders</Filter>
    </None>
    <None Include="SampleFramework11\Shaders\Skybox.hlsl">
      <Filter>SampleFramework11\Shaders</Filter>
    </None>
    <None Include="Mesh.hlsl" />
    <None Include="SampleFramework11\Shaders\Quad.hlsl">
      <Filter>SampleFramework11\Shaders</Filter>
    </None>
    <None Include="SampleFramework11\Shaders\PPIncludes.hlsl">
      <Filter>SampleFramework11\Shaders</Filter>
    </None>
    <None Include="PostProcessing.hlsl" />
  </ItemGroup>
  <ItemGroup>
    <Filter Include="SampleFramework11">
      <UniqueIdentifier>{2f9c9f9c-5d06-4e89-b1f2-5da3a5a5e932}</UniqueIdentifier>
    </Filter>
    <Filter Include="SampleFramework11\Shaders">
      <UniqueIdentifier>{9da39173-e6b3-4ca3-af98-9ee3a39a9187}</UniqueIdentifier>
    </Filter>
    <Filter Include="SampleFramework11\Graphics">
      <UniqueIdentifier>{903f60a9-b7f2-4b72-888a-bbab0823c428}</UniqueIdentifier>
    </Filter>
    <Filter Include="LeblancEngine">
      <UniqueIdentifier>{5a29a0e1-f7f2-4a67-8501-f9f63b95cb44}</UniqueIdentifier>
    </Filter>
    <Filter Include="LeblancEngine\Render">
      <UniqueIdentifier>{2c8719d7-92bf-4f81-907e-355ec8d5f18d}</UniqueIdentifier>
    </Filter>
    <Filter Include="LeblancEngine\Render\Resource">
      <UniqueIdentifier>{d928eecc-fd3a-4494-9c27-67063a99a482}</UniqueIdentifier>
    </Filter>
    <Filter Include="LeblancEngine\Render\Pipeline">
      <UniqueIdentifier>{38b5b3ee-3591-4dd7-8945-76f37b4f16a4}</UniqueIdentifier>
    </Filter>
    <Filter Include="LeblancEngine\Render\Resource\Texture">
      <UniqueIdentifier>{78064a51-7316-4fa4-94fd-3f1b93b94d4b}</UniqueIdentifier>
    </Filter>
    <Filter Include="LeblancEngine\Render\Resource\TextureOrganizer">
      <UniqueIdentifier>{f7949a53-0159-4724-b5c5-84ca07f0f11a}</UniqueIdentifier>
    </Filter>
    <Filter Include="LeblancEngine\Render\Include">
      <UniqueIdentifier>{208c8acd-7a24-4aa0-b6c5-18b5f821402d}</UniqueIdentifier>
    </Filter>
    <Filter Include="LeblancEngine\Render\utility">
      <UniqueIdentifier>{5e32ee64-375e-4193-b162-ffd5af056f66}</UniqueIdentifier>
    </Filter>
    <Filter Include="LeblancEngine\Render\Basics">
      <UniqueIdentifier>{d64f7824-47d0-4f48-ab00-3319f3a01639}</UniqueIdentifier>
    </Filter>
    <Filter Include="LeblancEngine\BasicInclude">
      <UniqueIdentifier>{0296d3da-b9e3-478b-86ed-f22bac5f4bd5}</UniqueIdentifier>
    </Filter>
    <Filter Include="LeblancEngine\Engine">
      <UniqueIdentifier>{00befdca-d50a-4972-9740-582faa65b04f}</UniqueIdentifier>
    </Filter>
    <Filter Include="LeblancEngine\Main">
      <UniqueIdentifier>{fdecbacd-c35e-4553-8875-d67b2a53d991}</UniqueIdentifier>
    </Filter>
    <Filter Include="LeblancEngine\Global">
      <UniqueIdentifier>{c7ee62ea-50f3-4b2b-8df2-effe05eaf3b8}</UniqueIdentifier>
    </Filter>
  </ItemGroup>
</Project>