<?xml version="1.0" encoding="utf-8"?>
<Project ToolsVersion="4.0" xmlns="http://schemas.microsoft.com/developer/msbuild/2003">
  <ItemGroup>
    <ClCompile Include="LeblancEngine\Render\Pipeline\LeblancDeferredPipeline.cpp">
      <Filter>LeblancEngine\Render\Pipeline</Filter>
    </ClCompile>
    <ClCompile Include="LeblancEngine\Render\Pipeline\LeblancPipelineManager.cpp">
      <Filter>LeblancEngine\Render\Pipeline</Filter>
    </ClCompile>
    <ClCompile Include="LeblancEngine\Global\LeblancGlobalContext.cpp">
      <Filter>LeblancEngine\Global</Filter>
    </ClCompile>
    <ClCompile Include="LeblancEngine\BasicInclude\LeblancPCH.cpp">
      <Filter>LeblancEngine\BasicInclude</Filter>
    </ClCompile>
    <ClCompile Include="LeblancEngine\Engine\LeblancEngine.cpp">
      <Filter>LeblancEngine\Engine</Filter>
    </ClCompile>
    <ClCompile Include="LeblancEngine\Main\LeblancMain.cpp">
      <Filter>LeblancEngine\Main</Filter>
    </ClCompile>
    <ClCompile Include="LeblancEngine\Render\Pipeline\LeblancRenderPipeline.cpp">
      <Filter>LeblancEngine\Render\Pipeline</Filter>
    </ClCompile>
    <ClCompile Include="LeblancEngine\Render\Scene\LeblancScene.cpp">
      <Filter>LeblancEngine\Render\Scene</Filter>
    </ClCompile>
    <ClCompile Include="LeblancEngine\Render\Scene\LeblancSceneManager.cpp">
      <Filter>LeblancEngine\Render\Scene</Filter>
    </ClCompile>
    <ClCompile Include="LeblancEngine\Render\RenderEntity\LeblancRenderEntity.cpp">
      <Filter>LeblancEngine\Render\RenderEntity</Filter>
    </ClCompile>
    <ClCompile Include="LeblancEngine\Render\RenderEntity\LeblancIndexMesh.cpp">
      <Filter>LeblancEngine\Render\RenderEntity</Filter>
    </ClCompile>
    <ClCompile Include="LeblancEngine\Render\RenderEntity\LeblancMesh.cpp">
      <Filter>LeblancEngine\Render\RenderEntity</Filter>
    </ClCompile>
    <ClCompile Include="LeblancEngine\Render\RenderEntity\LeblancStreamMesh.cpp">
      <Filter>LeblancEngine\Render\RenderEntity</Filter>
    </ClCompile>
    <ClCompile Include="LeblancEngine\Math\LeblancMath.cpp">
      <Filter>LeblancEngine\Math</Filter>
    </ClCompile>
    <ClCompile Include="ThirdParty\pugi\pugixml.cpp">
      <Filter>ThirdParty\pugi</Filter>
    </ClCompile>
    <ClCompile Include="LeblancEngine\Asset\LeblancAssetManager.cpp">
      <Filter>LeblancEngine\Asset</Filter>
    </ClCompile>
    <ClCompile Include="LeblancEngine\Asset\LeblancDataStream.cpp">
      <Filter>LeblancEngine\Asset</Filter>
    </ClCompile>
    <ClCompile Include="LeblancEngine\Render\Device\LeblancDevice.cpp">
      <Filter>LeblancEngine\Render\Device</Filter>
    </ClCompile>
    <ClCompile Include="LeblancEngine\Render\Device\LeblancDeviceContext.cpp">
      <Filter>LeblancEngine\Render\Device</Filter>
    </ClCompile>
    <ClCompile Include="LeblancEngine\Render\Device\LeblancDeviceManager.cpp">
      <Filter>LeblancEngine\Render\Device</Filter>
    </ClCompile>
    <ClCompile Include="LeblancEngine\Render\Device\D3D11\LeblancDeviceContextD3D11.cpp">
      <Filter>LeblancEngine\Render\Device\D3D11</Filter>
    </ClCompile>
    <ClCompile Include="LeblancEngine\Render\Device\D3D11\LeblancDeviceD3D11.cpp">
      <Filter>LeblancEngine\Render\Device\D3D11</Filter>
    </ClCompile>
    <ClCompile Include="LeblancEngine\Render\RenderState\D3D11\LeblancRenderStateD3D11.cpp">
      <Filter>LeblancEngine\Render\RenderState\D3D11</Filter>
    </ClCompile>
    <ClCompile Include="LeblancEngine\Render\Buffer\D3D11\LeblancBufferD3D11.cpp">
      <Filter>LeblancEngine\Render\Buffer\D3D11</Filter>
    </ClCompile>
    <ClCompile Include="LeblancEngine\Render\Window\LeblancWindow.cpp">
      <Filter>LeblancEngine\Render\Window</Filter>
    </ClCompile>
    <ClCompile Include="LeblancEngine\Render\Buffer\LeblancBuffer.cpp">
      <Filter>LeblancEngine\Render\Buffer</Filter>
    </ClCompile>
    <ClCompile Include="LeblancEngine\Render\RenderState\LeblancRenderStateManager.cpp">
      <Filter>LeblancEngine\Render\RenderState</Filter>
    </ClCompile>
    <ClCompile Include="LeblancEngine\Render\Material\LeblancMaterial.cpp">
      <Filter>LeblancEngine\Render\Material</Filter>
    </ClCompile>
    <ClCompile Include="LeblancEngine\Render\Material\LeblancMaterialManager.cpp">
      <Filter>LeblancEngine\Render\Material</Filter>
    </ClCompile>
    <ClCompile Include="LeblancEngine\Render\Material\LeblancShaders.cpp">
      <Filter>LeblancEngine\Render\Material</Filter>
    </ClCompile>
    <ClCompile Include="LeblancEngine\Render\Material\LeblancTechnique.cpp">
      <Filter>LeblancEngine\Render\Material</Filter>
    </ClCompile>
    <ClCompile Include="LeblancEngine\Render\Material\LeblancConstantBuffer.cpp">
      <Filter>LeblancEngine\Render\Material</Filter>
    </ClCompile>
    <ClCompile Include="LeblancEngine\Render\Material\LeblancGpuVariable.cpp">
      <Filter>LeblancEngine\Render\Material</Filter>
    </ClCompile>
    <ClCompile Include="LeblancEngine\Render\Material\D3D11\LeblancShadersD3D11.cpp">
      <Filter>LeblancEngine\Render\Material\D3D11</Filter>
    </ClCompile>
    <ClCompile Include="LeblancEngine\Render\Material\D3D11\LeblancTechniqueD3D11.cpp">
      <Filter>LeblancEngine\Render\Material\D3D11</Filter>
    </ClCompile>
    <ClCompile Include="LeblancEngine\Render\Material\D3D11\LeblancGpuVariableD3D11.cpp">
      <Filter>LeblancEngine\Render\Material\D3D11</Filter>
    </ClCompile>
    <ClCompile Include="LeblancEngine\Render\Material\D3D11\LeblancConstantBufferD3D11.cpp">
      <Filter>LeblancEngine\Render\Material\D3D11</Filter>
    </ClCompile>
    <ClCompile Include="LeblancEngine\Render\Texture\LeblancTexture.cpp">
      <Filter>LeblancEngine\Render\Texture</Filter>
    </ClCompile>
    <ClCompile Include="LeblancEngine\Render\Texture\LeblancTextureParameters.cpp">
      <Filter>LeblancEngine\Render\Texture</Filter>
    </ClCompile>
    <ClCompile Include="LeblancEngine\Render\Texture\LeblancFrameBuffer.cpp">
      <Filter>LeblancEngine\Render\Texture</Filter>
    </ClCompile>
    <ClCompile Include="LeblancEngine\Render\Texture\LeblancSurface.cpp">
      <Filter>LeblancEngine\Render\Texture</Filter>
    </ClCompile>
    <ClCompile Include="LeblancEngine\Render\Texture\D3D11\LeblancSurfaceD3D11.cpp">
      <Filter>LeblancEngine\Render\Texture\D3D11</Filter>
    </ClCompile>
    <ClCompile Include="LeblancEngine\Render\Texture\D3D11\LeblancTextureD3D11.cpp">
      <Filter>LeblancEngine\Render\Texture\D3D11</Filter>
    </ClCompile>
    <ClCompile Include="LeblancEngine\Render\Texture\D3D11\LeblancDepthSurfaceD3D11.cpp">
      <Filter>LeblancEngine\Render\Texture\D3D11</Filter>
    </ClCompile>
    <ClCompile Include="LeblancEngine\Render\Texture\D3D11\LeblancRenderTargetD3D11.cpp">
      <Filter>LeblancEngine\Render\Texture\D3D11</Filter>
    </ClCompile>
    <ClCompile Include="LeblancEngine\Render\Defines\D3D11\LeblancRenderUtilityD3D11.cpp">
      <Filter>LeblancEngine\Render\Defines\D3D11</Filter>
    </ClCompile>
    <ClCompile Include="LeblancEngine\Render\Texture\LeblancDepthSurface.cpp">
      <Filter>LeblancEngine\Render\Texture</Filter>
    </ClCompile>
    <ClCompile Include="LeblancEngine\Render\Texture\D3D11\LeblancBackBufferSurfaceD3D11.cpp">
      <Filter>LeblancEngine\Render\Texture\D3D11</Filter>
    </ClCompile>
    <ClCompile Include="LeblancEngine\Render\RenderPass\LeblancRenderPass.cpp">
      <Filter>LeblancEngine\Render\RenderPass</Filter>
    </ClCompile>
    <ClCompile Include="LeblancEngine\Render\RenderState\LeblancRenderPipelineState.cpp">
      <Filter>LeblancEngine\Render\RenderState</Filter>
    </ClCompile>
    <ClCompile Include="LeblancEngine\Render\RenderPass\MeshPass\LeblancGBufferPass.cpp">
      <Filter>LeblancEngine\Render\RenderPass\MeshPass</Filter>
    </ClCompile>
    <ClCompile Include="LeblancEngine\Render\RenderPass\ScreenSpacePass\LeblancDeferredShadingPass.cpp">
      <Filter>LeblancEngine\Render\RenderPass\ScreenSpacePass</Filter>
    </ClCompile>
    <ClCompile Include="LeblancEngine\Render\RenderPass\ScreenSpacePass\LeblancPostProcessingPass.cpp">
      <Filter>LeblancEngine\Render\RenderPass\ScreenSpacePass</Filter>
    </ClCompile>
    <ClCompile Include="LeblancEngine\Render\RenderPass\ScreenSpacePass\LeblancShadowMaskPass.cpp">
      <Filter>LeblancEngine\Render\RenderPass\ScreenSpacePass</Filter>
    </ClCompile>
    <ClCompile Include="LeblancEngine\Render\RenderPass\MeshPass\LeblancShadowDepthPass.cpp">
      <Filter>LeblancEngine\Render\RenderPass\MeshPass</Filter>
    </ClCompile>
    <ClCompile Include="LeblancEngine\Render\RenderPass\MeshPass\LeblancMeshRenderPass.cpp">
      <Filter>LeblancEngine\Render\RenderPass\MeshPass</Filter>
    </ClCompile>
    <ClCompile Include="LeblancEngine\Render\RenderCommand\LeblancRenderCommand.cpp">
      <Filter>LeblancEngine\Render\RenderCommand</Filter>
    </ClCompile>
  </ItemGroup>
  <ItemGroup>
    <ClInclude Include="LeblancEngine\Render\Pipeline\LeblancDeferredPipeline.h">
      <Filter>LeblancEngine\Render\Pipeline</Filter>
    </ClInclude>
    <ClInclude Include="LeblancEngine\Render\Pipeline\LeblancPipelineManager.h">
      <Filter>LeblancEngine\Render\Pipeline</Filter>
    </ClInclude>
    <ClInclude Include="LeblancEngine\Render\Include\LeblancDirectInclude.h">
      <Filter>LeblancEngine\Render\Include</Filter>
    </ClInclude>
    <ClInclude Include="LeblancEngine\Global\LeblancGlobalContext.h">
      <Filter>LeblancEngine\Global</Filter>
    </ClInclude>
    <ClInclude Include="LeblancEngine\BasicInclude\LeblancExceptions.h">
      <Filter>LeblancEngine\BasicInclude</Filter>
    </ClInclude>
    <ClInclude Include="LeblancEngine\BasicInclude\LeblancPCH.h">
      <Filter>LeblancEngine\BasicInclude</Filter>
    </ClInclude>
    <ClInclude Include="LeblancEngine\Engine\LeblancEngine.h">
      <Filter>LeblancEngine\Engine</Filter>
    </ClInclude>
    <ClInclude Include="LeblancEngine\Render\Pipeline\LeblancRenderPipeline.h">
      <Filter>LeblancEngine\Render\Pipeline</Filter>
    </ClInclude>
    <ClInclude Include="LeblancEngine\Render\Scene\LeblancScene.h">
      <Filter>LeblancEngine\Render\Scene</Filter>
    </ClInclude>
    <ClInclude Include="LeblancEngine\Render\Scene\LeblancSceneManager.h">
      <Filter>LeblancEngine\Render\Scene</Filter>
    </ClInclude>
    <ClInclude Include="LeblancEngine\Render\RenderEntity\LeblancRenderEntity.h">
      <Filter>LeblancEngine\Render\RenderEntity</Filter>
    </ClInclude>
    <ClInclude Include="ThirdParty\Effect\Include\d3dx11effect.h">
      <Filter>ThirdParty\Effect</Filter>
    </ClInclude>
    <ClInclude Include="ThirdParty\Effect\Include\d3dxGlobal.h">
      <Filter>ThirdParty\Effect</Filter>
    </ClInclude>
    <ClInclude Include="LeblancEngine\Render\RenderEntity\LeblancIndexMesh.h">
      <Filter>LeblancEngine\Render\RenderEntity</Filter>
    </ClInclude>
    <ClInclude Include="LeblancEngine\Render\RenderEntity\LeblancMesh.h">
      <Filter>LeblancEngine\Render\RenderEntity</Filter>
    </ClInclude>
    <ClInclude Include="LeblancEngine\Render\RenderEntity\LeblancStreamMesh.h">
      <Filter>LeblancEngine\Render\RenderEntity</Filter>
    </ClInclude>
    <ClInclude Include="LeblancEngine\Math\LeblancMath.h">
      <Filter>LeblancEngine\Math</Filter>
    </ClInclude>
    <ClInclude Include="LeblancEngine\BasicInclude\LeblancMemoryOperation.h">
      <Filter>LeblancEngine\BasicInclude</Filter>
    </ClInclude>
    <ClInclude Include="ThirdParty\pugi\pugiconfig.hpp">
      <Filter>ThirdParty\pugi</Filter>
    </ClInclude>
    <ClInclude Include="ThirdParty\pugi\pugixml.hpp">
      <Filter>ThirdParty\pugi</Filter>
    </ClInclude>
    <ClInclude Include="LeblancEngine\Asset\LeblancAssetManager.h">
      <Filter>LeblancEngine\Asset</Filter>
    </ClInclude>
    <ClInclude Include="LeblancEngine\Asset\LeblancDataStream.h">
      <Filter>LeblancEngine\Asset</Filter>
    </ClInclude>
    <ClInclude Include="LeblancEngine\Render\Device\LeblancDevice.h">
      <Filter>LeblancEngine\Render\Device</Filter>
    </ClInclude>
    <ClInclude Include="LeblancEngine\Render\Device\LeblancDeviceContext.h">
      <Filter>LeblancEngine\Render\Device</Filter>
    </ClInclude>
    <ClInclude Include="LeblancEngine\Render\Device\LeblancDeviceManager.h">
      <Filter>LeblancEngine\Render\Device</Filter>
    </ClInclude>
    <ClInclude Include="LeblancEngine\Render\Device\D3D11\LeblancDeviceContextD3D11.h">
      <Filter>LeblancEngine\Render\Device\D3D11</Filter>
    </ClInclude>
    <ClInclude Include="LeblancEngine\Render\Device\D3D11\LeblancDeviceD3D11.h">
      <Filter>LeblancEngine\Render\Device\D3D11</Filter>
    </ClInclude>
    <ClInclude Include="LeblancEngine\Render\RenderState\LeblancRenderState.h">
      <Filter>LeblancEngine\Render\RenderState</Filter>
    </ClInclude>
    <ClInclude Include="LeblancEngine\Render\RenderState\D3D11\LeblancRenderStateD3D11.h">
      <Filter>LeblancEngine\Render\RenderState\D3D11</Filter>
    </ClInclude>
    <ClInclude Include="LeblancEngine\Render\Buffer\D3D11\LeblancBufferD3D11.h">
      <Filter>LeblancEngine\Render\Buffer\D3D11</Filter>
    </ClInclude>
    <ClInclude Include="LeblancEngine\Render\Buffer\LeblancBuffer.h">
      <Filter>LeblancEngine\Render\Buffer</Filter>
    </ClInclude>
    <ClInclude Include="LeblancEngine\Render\Defines\LeblancRenderBasicDefine.h">
      <Filter>LeblancEngine\Render\Defines</Filter>
    </ClInclude>
    <ClInclude Include="LeblancEngine\Render\Window\LeblancWindow.h">
      <Filter>LeblancEngine\Render\Window</Filter>
    </ClInclude>
    <ClInclude Include="LeblancEngine\Render\RenderState\LeblancRenderStateManager.h">
      <Filter>LeblancEngine\Render\RenderState</Filter>
    </ClInclude>
    <ClInclude Include="LeblancEngine\Render\Material\LeblancMaterial.h">
      <Filter>LeblancEngine\Render\Material</Filter>
    </ClInclude>
    <ClInclude Include="LeblancEngine\Render\Material\LeblancMaterialManager.h">
      <Filter>LeblancEngine\Render\Material</Filter>
    </ClInclude>
    <ClInclude Include="LeblancEngine\Render\Material\LeblancShaders.h">
      <Filter>LeblancEngine\Render\Material</Filter>
    </ClInclude>
    <ClInclude Include="LeblancEngine\Render\Material\LeblancTechnique.h">
      <Filter>LeblancEngine\Render\Material</Filter>
    </ClInclude>
    <ClInclude Include="LeblancEngine\Render\Material\LeblancConstantBuffer.h">
      <Filter>LeblancEngine\Render\Material</Filter>
    </ClInclude>
    <ClInclude Include="LeblancEngine\Render\Material\LeblancGpuVariable.h">
      <Filter>LeblancEngine\Render\Material</Filter>
    </ClInclude>
    <ClInclude Include="LeblancEngine\Render\Material\D3D11\LeblancShadersD3D11.h">
      <Filter>LeblancEngine\Render\Material\D3D11</Filter>
    </ClInclude>
    <ClInclude Include="LeblancEngine\Render\Material\D3D11\LeblancTechniqueD3D11.h">
      <Filter>LeblancEngine\Render\Material\D3D11</Filter>
    </ClInclude>
    <ClInclude Include="LeblancEngine\Render\Material\D3D11\LeblancGpuVariableD3D11.h">
      <Filter>LeblancEngine\Render\Material\D3D11</Filter>
    </ClInclude>
    <ClInclude Include="LeblancEngine\Render\Material\D3D11\LeblancConstantBufferD3D11.h">
      <Filter>LeblancEngine\Render\Material\D3D11</Filter>
    </ClInclude>
    <ClInclude Include="LeblancEngine\Render\Texture\LeblancTexture.h">
      <Filter>LeblancEngine\Render\Texture</Filter>
    </ClInclude>
    <ClInclude Include="LeblancEngine\Render\Texture\LeblancTextureParameters.h">
      <Filter>LeblancEngine\Render\Texture</Filter>
    </ClInclude>
    <ClInclude Include="LeblancEngine\Render\Texture\LeblancFrameBuffer.h">
      <Filter>LeblancEngine\Render\Texture</Filter>
    </ClInclude>
    <ClInclude Include="LeblancEngine\Render\Texture\LeblancSurface.h">
      <Filter>LeblancEngine\Render\Texture</Filter>
    </ClInclude>
    <ClInclude Include="LeblancEngine\Render\Texture\D3D11\LeblancSurfaceD3D11.h">
      <Filter>LeblancEngine\Render\Texture\D3D11</Filter>
    </ClInclude>
    <ClInclude Include="LeblancEngine\Render\Texture\D3D11\LeblancTextureD3D11.h">
      <Filter>LeblancEngine\Render\Texture\D3D11</Filter>
    </ClInclude>
    <ClInclude Include="LeblancEngine\Render\Texture\D3D11\LeblancDepthSurfaceD3D11.h">
      <Filter>LeblancEngine\Render\Texture\D3D11</Filter>
    </ClInclude>
    <ClInclude Include="LeblancEngine\Render\Texture\D3D11\LeblancRenderTargetD3D11.h">
      <Filter>LeblancEngine\Render\Texture\D3D11</Filter>
    </ClInclude>
    <ClInclude Include="LeblancEngine\Render\Defines\D3D11\LeblancRenderUtilityD3D11.h">
      <Filter>LeblancEngine\Render\Defines\D3D11</Filter>
    </ClInclude>
    <ClInclude Include="LeblancEngine\Render\Texture\LeblancDepthSurface.h">
      <Filter>LeblancEngine\Render\Texture</Filter>
    </ClInclude>
    <ClInclude Include="LeblancEngine\Render\Texture\D3D11\LeblancBackBufferSurfaceD3D11.h">
      <Filter>LeblancEngine\Render\Texture\D3D11</Filter>
    </ClInclude>
    <ClInclude Include="ThirdParty\assimp\Include\scene.h">
      <Filter>ThirdParty\Assimp\Include</Filter>
    </ClInclude>
    <ClInclude Include="ThirdParty\assimp\Include\cimport.h">
      <Filter>ThirdParty\Assimp\Include</Filter>
    </ClInclude>
    <ClInclude Include="ThirdParty\assimp\Include\Importer.hpp">
      <Filter>ThirdParty\Assimp\Include</Filter>
    </ClInclude>
    <ClInclude Include="LeblancEngine\Render\RenderPass\LeblancRenderPass.h">
      <Filter>LeblancEngine\Render\RenderPass</Filter>
    </ClInclude>
    <ClInclude Include="LeblancEngine\Render\RenderState\LeblancRenderPipelineState.h">
      <Filter>LeblancEngine\Render\RenderState</Filter>
    </ClInclude>
    <ClInclude Include="LeblancEngine\Render\RenderPass\MeshPass\LeblancGBufferPass.h">
      <Filter>LeblancEngine\Render\RenderPass\MeshPass</Filter>
    </ClInclude>
    <ClInclude Include="LeblancEngine\Render\RenderPass\ScreenSpacePass\LeblancDeferredShadingPass.h">
      <Filter>LeblancEngine\Render\RenderPass\ScreenSpacePass</Filter>
    </ClInclude>
    <ClInclude Include="LeblancEngine\Render\RenderPass\ScreenSpacePass\LeblancPostProcessingPass.h">
      <Filter>LeblancEngine\Render\RenderPass\ScreenSpacePass</Filter>
    </ClInclude>
    <ClInclude Include="LeblancEngine\Render\RenderPass\ScreenSpacePass\LeblancShadowMaskPass.h">
      <Filter>LeblancEngine\Render\RenderPass\ScreenSpacePass</Filter>
    </ClInclude>
    <ClInclude Include="LeblancEngine\Render\RenderPass\MeshPass\LeblancShadowDepthPass.h">
      <Filter>LeblancEngine\Render\RenderPass\MeshPass</Filter>
    </ClInclude>
    <ClInclude Include="LeblancEngine\Render\RenderPass\MeshPass\LeblancMeshRenderPass.h">
      <Filter>LeblancEngine\Render\RenderPass\MeshPass</Filter>
    </ClInclude>
    <ClInclude Include="LeblancEngine\Render\RenderCommand\LeblancRenderCommand.h">
      <Filter>LeblancEngine\Render\RenderCommand</Filter>
    </ClInclude>
  </ItemGroup>
  <ItemGroup>
    <ResourceCompile Include="ToneMapping.rc" />
  </ItemGroup>
  <ItemGroup>
    <Filter Include="LeblancEngine">
      <UniqueIdentifier>{5a29a0e1-f7f2-4a67-8501-f9f63b95cb44}</UniqueIdentifier>
    </Filter>
    <Filter Include="LeblancEngine\Render">
      <UniqueIdentifier>{2c8719d7-92bf-4f81-907e-355ec8d5f18d}</UniqueIdentifier>
    </Filter>
    <Filter Include="LeblancEngine\Render\Pipeline">
      <UniqueIdentifier>{38b5b3ee-3591-4dd7-8945-76f37b4f16a4}</UniqueIdentifier>
    </Filter>
    <Filter Include="LeblancEngine\Render\Include">
      <UniqueIdentifier>{208c8acd-7a24-4aa0-b6c5-18b5f821402d}</UniqueIdentifier>
    </Filter>
    <Filter Include="LeblancEngine\BasicInclude">
      <UniqueIdentifier>{0296d3da-b9e3-478b-86ed-f22bac5f4bd5}</UniqueIdentifier>
    </Filter>
    <Filter Include="LeblancEngine\Engine">
      <UniqueIdentifier>{00befdca-d50a-4972-9740-582faa65b04f}</UniqueIdentifier>
    </Filter>
    <Filter Include="LeblancEngine\Main">
      <UniqueIdentifier>{fdecbacd-c35e-4553-8875-d67b2a53d991}</UniqueIdentifier>
    </Filter>
    <Filter Include="LeblancEngine\Global">
      <UniqueIdentifier>{c7ee62ea-50f3-4b2b-8df2-effe05eaf3b8}</UniqueIdentifier>
    </Filter>
    <Filter Include="LeblancEngine\Render\Scene">
      <UniqueIdentifier>{6b8cb59f-ecd3-4c85-969c-1ff46599692a}</UniqueIdentifier>
    </Filter>
    <Filter Include="LeblancEngine\Render\RenderEntity">
      <UniqueIdentifier>{448f1725-cce5-4b5b-b132-5a795989ed0c}</UniqueIdentifier>
    </Filter>
    <Filter Include="ThirdParty">
      <UniqueIdentifier>{a07208d9-fba7-42f4-bff2-28bbfb3fc325}</UniqueIdentifier>
    </Filter>
    <Filter Include="ThirdParty\Effect">
      <UniqueIdentifier>{d0b4c132-e242-4bf1-b44d-d547375bff3d}</UniqueIdentifier>
    </Filter>
    <Filter Include="LeblancEngine\Math">
      <UniqueIdentifier>{3273166e-edcd-499a-8cdd-347349543e61}</UniqueIdentifier>
    </Filter>
    <Filter Include="ThirdParty\Assimp">
      <UniqueIdentifier>{c8f45c60-f325-4504-8738-62f145d1af89}</UniqueIdentifier>
    </Filter>
    <Filter Include="ThirdParty\pugi">
      <UniqueIdentifier>{06d2adf1-503e-4ed7-9734-16bf16c6b67e}</UniqueIdentifier>
    </Filter>
    <Filter Include="LeblancEngine\Asset">
      <UniqueIdentifier>{7ca0f34a-4e79-4fde-932f-11f9b2ba232c}</UniqueIdentifier>
    </Filter>
    <Filter Include="LeblancEngine\Render\Device">
      <UniqueIdentifier>{4a1e5da1-7f68-4f0f-9c66-b09ad67c7b01}</UniqueIdentifier>
    </Filter>
    <Filter Include="LeblancEngine\Render\Device\D3D11">
      <UniqueIdentifier>{101f2945-873f-4ea9-a010-b0b0cafedee5}</UniqueIdentifier>
    </Filter>
    <Filter Include="LeblancEngine\Render\RenderState">
      <UniqueIdentifier>{622f5129-eb86-444b-89ec-b5328e6e906e}</UniqueIdentifier>
    </Filter>
    <Filter Include="LeblancEngine\Render\RenderState\D3D11">
      <UniqueIdentifier>{36452b18-b7b6-422f-b865-bf5cdae879c7}</UniqueIdentifier>
    </Filter>
    <Filter Include="LeblancEngine\Render\Buffer">
      <UniqueIdentifier>{7b7aeb5b-dab5-4ea0-a594-30d1584dd04f}</UniqueIdentifier>
    </Filter>
    <Filter Include="LeblancEngine\Render\Buffer\D3D11">
      <UniqueIdentifier>{37cc3023-f92f-477c-8cf4-e22fb4942f7d}</UniqueIdentifier>
    </Filter>
    <Filter Include="LeblancEngine\Render\Defines">
      <UniqueIdentifier>{8560be5d-0c0d-47e9-9cee-33121bb0bdee}</UniqueIdentifier>
    </Filter>
    <Filter Include="LeblancEngine\Render\Window">
      <UniqueIdentifier>{e3fdb543-342c-4da3-be86-1a5c0ab8643f}</UniqueIdentifier>
    </Filter>
    <Filter Include="LeblancEngine\Render\Material">
      <UniqueIdentifier>{9882ec11-268e-4ca9-85b0-551054557d03}</UniqueIdentifier>
    </Filter>
    <Filter Include="LeblancEngine\Render\Material\D3D11">
      <UniqueIdentifier>{ae754c05-3308-4d3d-8ce5-be4f357b61fd}</UniqueIdentifier>
    </Filter>
    <Filter Include="LeblancEngine\Render\Texture">
      <UniqueIdentifier>{69681617-0884-46b7-9a18-9a5cf0c2dbee}</UniqueIdentifier>
    </Filter>
    <Filter Include="LeblancEngine\Render\Texture\D3D11">
      <UniqueIdentifier>{3c2f0bc8-b3ce-4b34-881b-8a5ddcaf73f1}</UniqueIdentifier>
    </Filter>
    <Filter Include="LeblancEngine\Render\Defines\D3D11">
      <UniqueIdentifier>{916fd3cc-469a-46b1-bbb4-d4bb9730a692}</UniqueIdentifier>
    </Filter>
    <Filter Include="ThirdParty\Assimp\Include">
      <UniqueIdentifier>{7016d74b-cfb8-4ce1-9887-51e9d568f3f4}</UniqueIdentifier>
    </Filter>
    <Filter Include="LeblancEngine\Render\RenderPass">
      <UniqueIdentifier>{23bd42e1-98c0-411a-9a0b-53680fb6f2e3}</UniqueIdentifier>
    </Filter>
    <Filter Include="LeblancEngine\Render\RenderPass\MeshPass">
      <UniqueIdentifier>{8e81422a-6169-4643-8898-34a8fdbb7f51}</UniqueIdentifier>
    </Filter>
    <Filter Include="LeblancEngine\Render\RenderPass\ScreenSpacePass">
      <UniqueIdentifier>{83389a19-ef1b-464e-82ed-b1ca5195d502}</UniqueIdentifier>
    </Filter>
    <Filter Include="LeblancEngine\Render\RenderCommand">
      <UniqueIdentifier>{98bd9d20-0a1d-488b-a079-b40ee0efa10f}</UniqueIdentifier>
    </Filter>
  </ItemGroup>
</Project>